github.com/51Degrees/ip-intelligence-go v0.1.1 h1:s9kJfVquXvOzZaB9+uEJIHG+TUeQQuWY7RnnEUXnb8I=
github.com/51Degrees/ip-intelligence-go v0.1.1/go.mod h1:eh4T4QvdVem6cSIplKt2t4rKkD7q0ZA7heSJ9PRJz2U=
github.com/51Degrees/ip-intelligence-go v0.1.2 h1:7UHX4YuJVT1a64lVHCFWmqFyZVtHd5nFymjSxfn3Cmw=
github.com/51Degrees/ip-intelligence-go v0.1.2/go.mod h1:eh4T4QvdVem6cSIplKt2t4rKkD7q0ZA7heSJ9PRJz2U=
