github.com/51Degrees/ip-intelligence-go v0.1.1 h1:s9kJfVquXvOzZaB9+uEJIHG+TUeQQuWY7RnnEUXnb8I=
github.com/51Degrees/ip-intelligence-go v0.1.1/go.mod h1:eh4T4QvdVem6cSIplKt2t4rKkD7q0ZA7heSJ9PRJz2U=
github.com/51Degrees/ip-intelligence-go v0.1.2 h1:7UHX4YuJVT1a64lVHCFWmqFyZVtHd5nFymjSxfn3Cmw=
github.com/51Degrees/ip-intelligence-go v0.1.2/go.mod h1:eh4T4QvdVem6cSIplKt2t4rKkD7q0ZA7heSJ9PRJz2U=
github.com/51Degrees/ip-intelligence-go v0.1.3 h1:qySosAq9gIUMkuyZqJULWnzmbssKb975SNQkInZw9vg=
github.com/51Degrees/ip-intelligence-go v0.1.3/go.mod h1:eh4T4QvdVem6cSIplKt2t4rKkD7q0ZA7heSJ9PRJz2U=
github.com/51Degrees/ip-intelligence-go v0.1.4 h1:VhEqqAuG4os14NgVahQdf0LNXuJ5q0ekgFvvIeFV4fU=
github.com/51Degrees/ip-intelligence-go v0.1.4/go.mod h1:eh4T4QvdVem6cSIplKt2t4rKkD7q0ZA7heSJ9PRJz2U=
github.com/51Degrees/ip-intelligence-go v0.1.5 h1:ubQNFr8m2UJNwzzVWRIemzOB78gZXzhGzvEwn7lehf4=
github.com/51Degrees/ip-intelligence-go v0.1.5/go.mod h1:eh4T4QvdVem6cSIplKt2t4rKkD7q0ZA7heSJ9PRJz2U=
github.com/51Degrees/ip-intelligence-go v0.1.6 h1:0IkMMaFNkUP1zUCIfb07wXFxjHFg42zaD5NzxbQM5vA=
github.com/51Degrees/ip-intelligence-go v0.1.6/go.mod h1:eh4T4QvdVem6cSIplKt2t4rKkD7q0ZA7heSJ9PRJz2U=
github.com/51Degrees/ip-intelligence-go v0.1.7 h1:QzapW+PPhUSLr8ANsvAwTcr4jyZ7S3HHhEX9kpcdBVU=
github.com/51Degrees/ip-intelligence-go v0.1.7/go.mod h1:eh4T4QvdVem6cSIplKt2t4rKkD7q0ZA7heSJ9PRJz2U=
github.com/51Degrees/ip-intelligence-go v0.1.8 h1:wyFgMYBLOgf97uH24URKERFZUdkYFnLVbFL55iknFUo=
github.com/51Degrees/ip-intelligence-go v0.1.8/go.mod h1:eh4T4QvdVem6cSIplKt2t4rKkD7q0ZA7heSJ9PRJz2U=
github.com/51Degrees/ip-intelligence-go v0.1.9 h1:VEk4+bfrbHlWu94sHJXEBjQuF9ZyMOZ7Hb1aae7IdGw=
github.com/51Degrees/ip-intelligence-go v0.1.9/go.mod h1:eh4T4QvdVem6cSIplKt2t4rKkD7q0ZA7heSJ9PRJz2U=
github.com/51Degrees/ip-intelligence-go v0.1.10 h1:reF0KKbR8Dk+T/dfnfWhGCLCM7dp7tYVE1/9QS8P++0=
github.com/51Degrees/ip-intelligence-go v0.1.10/go.mod h1:eh4T4QvdVem6cSIplKt2t4rKkD7q0ZA7heSJ9PRJz2U=
github.com/51Degrees/ip-intelligence-go v0.1.11 h1:1m9sBQ4j3QPUYb/udpMXGCJDIcYkVMTKPBA0DgidoHI=
github.com/51Degrees/ip-intelligence-go v0.1.11/go.mod h1:eh4T4QvdVem6cSIplKt2t4rKkD7q0ZA7heSJ9PRJz2U=
github.com/51Degrees/ip-intelligence-go v0.1.13 h1:gJamlUGkQvA81FlKVr4K4rDDIoY1rAReOkKrKSXovRU=
github.com/51Degrees/ip-intelligence-go v0.1.13/go.mod h1:eh4T4QvdVem6cSIplKt2t4rKkD7q0ZA7heSJ9PRJz2U=
github.com/51Degrees/ip-intelligence-go v0.1.14 h1:Q070sTleZI5epghjXOs4ZoqQMvkcgzMo6J6s2Cgl0Ng=
github.com/51Degrees/ip-intelligence-go v0.1.14/go.mod h1:eh4T4QvdVem6cSIplKt2t4rKkD7q0ZA7heSJ9PRJz2U=
github.com/51Degrees/ip-intelligence-go v0.1.19 h1:84TftGLyZj86wbGUX6yRMXaIB9B7bUSlA+4XYETF3j4=
github.com/51Degrees/ip-intelligence-go v0.1.19/go.mod h1:eh4T4QvdVem6cSIplKt2t4rKkD7q0ZA7heSJ9PRJz2U=
github.com/51Degrees/ip-intelligence-go v0.1.21 h1:zTKk4DLasL9Nz4b0QJ7KqeKSxxRwLQu0TVguglsdhbk=
github.com/51Degrees/ip-intelligence-go v0.1.21/go.mod h1:eh4T4QvdVem6cSIplKt2t4rKkD7q0ZA7heSJ9PRJz2U=
github.com/51Degrees/ip-intelligence-go v0.1.31 h1:KTSYcu3YBJTk3O81OXF6comI0KVelczNyPoGgvd1SbM=
github.com/51Degrees/ip-intelligence-go v0.1.31/go.mod h1:eh4T4QvdVem6cSIplKt2t4rKkD7q0ZA7heSJ9PRJz2U=
github.com/51Degrees/ip-intelligence-go v0.1.32 h1:Us0rfwldFqNgv3/7DFHWfIiNuchEE57uEHqEH6lVF1g=
github.com/51Degrees/ip-intelligence-go v0.1.32/go.mod h1:eh4T4QvdVem6cSIplKt2t4rKkD7q0ZA7heSJ9PRJz2U=
github.com/51Degrees/ip-intelligence-go v0.1.34 h1:URMiIc0ppxaB3dNGW4cCLyvA+e9k8bqjSUls9MxC17E=
github.com/51Degrees/ip-intelligence-go v0.1.34/go.mod h1:eh4T4QvdVem6cSIplKt2t4rKkD7q0ZA7heSJ9PRJz2U=
github.com/goccy/go-yaml v1.17.1 h1:LI34wktB2xEE3ONG/2Ar54+/HJVBriAGJ55PHls4YuY=
github.com/goccy/go-yaml v1.17.1/go.mod h1:XBurs7gK8ATbW4ZPGKgcbrY1Br56PdM69F7LkFRi1kA=
